
Microsoft Visual Studio Solution File, Format Version 12.00
# Visual Studio Version 16
VisualStudioVersion = 16.0.28922.388
MinimumVisualStudioVersion = 10.0.40219.1
Project("{9A19103F-16F7-4668-BE54-9A1E7A4F7556}") = "Arcus.Security.Tests.Unit", "Arcus.Security.Tests.Unit\Arcus.Security.Tests.Unit.csproj", "{DACBC3C6-2894-4961-B327-746BC29229CC}"
EndProject
Project("{9A19103F-16F7-4668-BE54-9A1E7A4F7556}") = "Arcus.Security.Tests.Integration", "Arcus.Security.Tests.Integration\Arcus.Security.Tests.Integration.csproj", "{D185D73E-D617-4846-9CAB-12884C1266C5}"
EndProject
Project("{9A19103F-16F7-4668-BE54-9A1E7A4F7556}") = "Arcus.Security.Providers.AzureKeyVault", "Arcus.Security.Providers.AzureKeyVault\Arcus.Security.Providers.AzureKeyVault.csproj", "{DD03DFBB-7D61-4FC9-B2D0-1BB800EA1ED9}"
EndProject
Project("{2150E333-8FDC-42A3-9474-1A3956D46DE8}") = "Tests", "Tests", "{C42FDAC3-5A31-4F39-BD92-C57C2CDAB2D2}"
EndProject
Project("{2150E333-8FDC-42A3-9474-1A3956D46DE8}") = "Providers", "Providers", "{DD66B1E8-3676-4C13-8C37-AEA80E1C21B7}"
EndProject
Project("{9A19103F-16F7-4668-BE54-9A1E7A4F7556}") = "Arcus.Security.Core", "Arcus.Security.Core\Arcus.Security.Core.csproj", "{EC4CBB2C-9C38-4D5C-B4C4-602F0756A61F}"
EndProject
Project("{9A19103F-16F7-4668-BE54-9A1E7A4F7556}") = "Arcus.Security.All", "Arcus.Security.All\Arcus.Security.All.csproj", "{ADB320AA-15FB-4FAB-A909-A1EE120BE7F9}"
EndProject
Project("{9A19103F-16F7-4668-BE54-9A1E7A4F7556}") = "Arcus.Security.Tests.Core", "Arcus.Security.Tests.Core\Arcus.Security.Tests.Core.csproj", "{D2C8C470-EA9E-4237-84ED-14665187E19F}"
EndProject
Project("{FAE04EC0-301F-11D3-BF4B-00C04F79EFBC}") = "Arcus.Security.AzureFunctions", "Arcus.Security.AzureFunctions\Arcus.Security.AzureFunctions.csproj", "{77104975-D6EB-4A4C-827A-5EC7E01B7A36}"
EndProject
Global
	GlobalSection(SolutionConfigurationPlatforms) = preSolution
		Debug|Any CPU = Debug|Any CPU
		Release|Any CPU = Release|Any CPU
	EndGlobalSection
	GlobalSection(ProjectConfigurationPlatforms) = postSolution
		{DACBC3C6-2894-4961-B327-746BC29229CC}.Debug|Any CPU.ActiveCfg = Debug|Any CPU
		{DACBC3C6-2894-4961-B327-746BC29229CC}.Debug|Any CPU.Build.0 = Debug|Any CPU
		{DACBC3C6-2894-4961-B327-746BC29229CC}.Release|Any CPU.ActiveCfg = Release|Any CPU
		{DACBC3C6-2894-4961-B327-746BC29229CC}.Release|Any CPU.Build.0 = Release|Any CPU
		{D185D73E-D617-4846-9CAB-12884C1266C5}.Debug|Any CPU.ActiveCfg = Debug|Any CPU
		{D185D73E-D617-4846-9CAB-12884C1266C5}.Debug|Any CPU.Build.0 = Debug|Any CPU
		{D185D73E-D617-4846-9CAB-12884C1266C5}.Release|Any CPU.ActiveCfg = Release|Any CPU
		{D185D73E-D617-4846-9CAB-12884C1266C5}.Release|Any CPU.Build.0 = Release|Any CPU
		{DD03DFBB-7D61-4FC9-B2D0-1BB800EA1ED9}.Debug|Any CPU.ActiveCfg = Debug|Any CPU
		{DD03DFBB-7D61-4FC9-B2D0-1BB800EA1ED9}.Debug|Any CPU.Build.0 = Debug|Any CPU
		{DD03DFBB-7D61-4FC9-B2D0-1BB800EA1ED9}.Release|Any CPU.ActiveCfg = Release|Any CPU
		{DD03DFBB-7D61-4FC9-B2D0-1BB800EA1ED9}.Release|Any CPU.Build.0 = Release|Any CPU
		{EC4CBB2C-9C38-4D5C-B4C4-602F0756A61F}.Debug|Any CPU.ActiveCfg = Debug|Any CPU
		{EC4CBB2C-9C38-4D5C-B4C4-602F0756A61F}.Debug|Any CPU.Build.0 = Debug|Any CPU
		{EC4CBB2C-9C38-4D5C-B4C4-602F0756A61F}.Release|Any CPU.ActiveCfg = Release|Any CPU
		{EC4CBB2C-9C38-4D5C-B4C4-602F0756A61F}.Release|Any CPU.Build.0 = Release|Any CPU
		{ADB320AA-15FB-4FAB-A909-A1EE120BE7F9}.Debug|Any CPU.ActiveCfg = Debug|Any CPU
		{ADB320AA-15FB-4FAB-A909-A1EE120BE7F9}.Debug|Any CPU.Build.0 = Debug|Any CPU
		{ADB320AA-15FB-4FAB-A909-A1EE120BE7F9}.Release|Any CPU.ActiveCfg = Release|Any CPU
		{ADB320AA-15FB-4FAB-A909-A1EE120BE7F9}.Release|Any CPU.Build.0 = Release|Any CPU
		{D2C8C470-EA9E-4237-84ED-14665187E19F}.Debug|Any CPU.ActiveCfg = Debug|Any CPU
		{D2C8C470-EA9E-4237-84ED-14665187E19F}.Debug|Any CPU.Build.0 = Debug|Any CPU
		{D2C8C470-EA9E-4237-84ED-14665187E19F}.Release|Any CPU.ActiveCfg = Release|Any CPU
		{D2C8C470-EA9E-4237-84ED-14665187E19F}.Release|Any CPU.Build.0 = Release|Any CPU
		{77104975-D6EB-4A4C-827A-5EC7E01B7A36}.Debug|Any CPU.ActiveCfg = Debug|Any CPU
		{77104975-D6EB-4A4C-827A-5EC7E01B7A36}.Debug|Any CPU.Build.0 = Debug|Any CPU
		{77104975-D6EB-4A4C-827A-5EC7E01B7A36}.Release|Any CPU.ActiveCfg = Release|Any CPU
		{77104975-D6EB-4A4C-827A-5EC7E01B7A36}.Release|Any CPU.Build.0 = Release|Any CPU
	EndGlobalSection
	GlobalSection(SolutionProperties) = preSolution
		HideSolutionNode = FALSE
	EndGlobalSection
	GlobalSection(NestedProjects) = preSolution
		{DACBC3C6-2894-4961-B327-746BC29229CC} = {C42FDAC3-5A31-4F39-BD92-C57C2CDAB2D2}
		{D185D73E-D617-4846-9CAB-12884C1266C5} = {C42FDAC3-5A31-4F39-BD92-C57C2CDAB2D2}
		{DD03DFBB-7D61-4FC9-B2D0-1BB800EA1ED9} = {DD66B1E8-3676-4C13-8C37-AEA80E1C21B7}
		{D2C8C470-EA9E-4237-84ED-14665187E19F} = {C42FDAC3-5A31-4F39-BD92-C57C2CDAB2D2}
	EndGlobalSection
	GlobalSection(ExtensibilityGlobals) = postSolution
		SolutionGuid = {D3310D31-C37D-47F4-A6D3-325EE3806698}
	EndGlobalSection
EndGlobal
