
Microsoft Visual Studio Solution File, Format Version 12.00
# Visual Studio 15
VisualStudioVersion = 15.0.28010.2036
MinimumVisualStudioVersion = 10.0.40219.1
Project("{9A19103F-16F7-4668-BE54-9A1E7A4F7556}") = "Arcus.Security.All", "Arcus.Security.All\Arcus.Security.All.csproj", "{E0E95A49-77AE-4B0B-83A7-8D6FF6FD285D}"
EndProject
Project("{9A19103F-16F7-4668-BE54-9A1E7A4F7556}") = "Arcus.Security.Core", "Arcus.Security.Core\Arcus.Security.Core.csproj", "{A179BD58-7555-4F74-8EAF-CBD4F7BD689E}"
EndProject
Project("{9A19103F-16F7-4668-BE54-9A1E7A4F7556}") = "Arcus.Security.Tests.Unit", "Arcus.Security.Tests.Unit\Arcus.Security.Tests.Unit.csproj", "{DACBC3C6-2894-4961-B327-746BC29229CC}"
EndProject
Global
	GlobalSection(SolutionConfigurationPlatforms) = preSolution
		Debug|Any CPU = Debug|Any CPU
		Release|Any CPU = Release|Any CPU
	EndGlobalSection
	GlobalSection(ProjectConfigurationPlatforms) = postSolution
		{E0E95A49-77AE-4B0B-83A7-8D6FF6FD285D}.Debug|Any CPU.ActiveCfg = Debug|Any CPU
		{E0E95A49-77AE-4B0B-83A7-8D6FF6FD285D}.Debug|Any CPU.Build.0 = Debug|Any CPU
		{E0E95A49-77AE-4B0B-83A7-8D6FF6FD285D}.Release|Any CPU.ActiveCfg = Release|Any CPU
		{E0E95A49-77AE-4B0B-83A7-8D6FF6FD285D}.Release|Any CPU.Build.0 = Release|Any CPU
		{A179BD58-7555-4F74-8EAF-CBD4F7BD689E}.Debug|Any CPU.ActiveCfg = Debug|Any CPU
		{A179BD58-7555-4F74-8EAF-CBD4F7BD689E}.Debug|Any CPU.Build.0 = Debug|Any CPU
		{A179BD58-7555-4F74-8EAF-CBD4F7BD689E}.Release|Any CPU.ActiveCfg = Release|Any CPU
		{A179BD58-7555-4F74-8EAF-CBD4F7BD689E}.Release|Any CPU.Build.0 = Release|Any CPU
		{DACBC3C6-2894-4961-B327-746BC29229CC}.Debug|Any CPU.ActiveCfg = Debug|Any CPU
		{DACBC3C6-2894-4961-B327-746BC29229CC}.Debug|Any CPU.Build.0 = Debug|Any CPU
		{DACBC3C6-2894-4961-B327-746BC29229CC}.Release|Any CPU.ActiveCfg = Release|Any CPU
		{DACBC3C6-2894-4961-B327-746BC29229CC}.Release|Any CPU.Build.0 = Release|Any CPU
	EndGlobalSection
	GlobalSection(SolutionProperties) = preSolution
		HideSolutionNode = FALSE
	EndGlobalSection
	GlobalSection(ExtensibilityGlobals) = postSolution
		SolutionGuid = {D3310D31-C37D-47F4-A6D3-325EE3806698}
	EndGlobalSection
EndGlobal
